<?xml version="1.0" encoding="utf-8"?>
<Project ToolsVersion="4.0" xmlns="http://schemas.microsoft.com/developer/msbuild/2003">
  <ItemGroup>
    <Filter Include="소스 파일">
      <UniqueIdentifier>{4FC737F1-C7A5-4376-A066-2A32D752A2FF}</UniqueIdentifier>
      <Extensions>cpp;c;cc;cxx;c++;cppm;ixx;def;odl;idl;hpj;bat;asm;asmx</Extensions>
    </Filter>
    <Filter Include="헤더 파일">
      <UniqueIdentifier>{93995380-89BD-4b04-88EB-625FBE52EBFB}</UniqueIdentifier>
      <Extensions>h;hh;hpp;hxx;h++;hm;inl;inc;ipp;xsd</Extensions>
    </Filter>
    <Filter Include="리소스 파일">
      <UniqueIdentifier>{67DA6AB6-F800-4c08-8B7A-83BB121AAD01}</UniqueIdentifier>
      <Extensions>rc;ico;cur;bmp;dlg;rc2;rct;bin;rgs;gif;jpg;jpeg;jpe;resx;tiff;tif;png;wav;mfcribbon-ms</Extensions>
    </Filter>
    <Filter Include="Toggle">
      <UniqueIdentifier>{9b6f3a9e-05c9-4cd2-b8ae-a8f2e7a116e7}</UniqueIdentifier>
    </Filter>
  </ItemGroup>
  <ItemGroup>
    <ClInclude Include="MKTest.h">
      <Filter>헤더 파일</Filter>
    </ClInclude>
    <ClInclude Include="MKTestDlg.h">
      <Filter>헤더 파일</Filter>
    </ClInclude>
    <ClInclude Include="framework.h">
      <Filter>헤더 파일</Filter>
    </ClInclude>
    <ClInclude Include="targetver.h">
      <Filter>헤더 파일</Filter>
    </ClInclude>
    <ClInclude Include="Resource.h">
      <Filter>헤더 파일</Filter>
    </ClInclude>
    <ClInclude Include="pch.h">
      <Filter>헤더 파일</Filter>
    </ClInclude>
    <ClInclude Include="SampleDlg.h">
      <Filter>헤더 파일</Filter>
    </ClInclude>
    <ClInclude Include="ToggleCtrl\ToggleBoard.h">
      <Filter>Toggle</Filter>
    </ClInclude>
    <ClInclude Include="ToggleCtrl\ToggleItem.h">
      <Filter>Toggle</Filter>
    </ClInclude>
    <ClInclude Include="ToggleCtrl\TogglePanel.h">
      <Filter>Toggle</Filter>
    </ClInclude>
  </ItemGroup>
  <ItemGroup>
    <ClCompile Include="MKTest.cpp">
      <Filter>소스 파일</Filter>
    </ClCompile>
    <ClCompile Include="MKTestDlg.cpp">
      <Filter>소스 파일</Filter>
    </ClCompile>
    <ClCompile Include="pch.cpp">
      <Filter>소스 파일</Filter>
    </ClCompile>
    <ClCompile Include="SampleDlg.cpp">
      <Filter>소스 파일</Filter>
    </ClCompile>
    <ClCompile Include="ToggleCtrl\ToggleBoard.cpp">
      <Filter>Toggle</Filter>
    </ClCompile>
    <ClCompile Include="ToggleCtrl\ToggleItem.cpp">
      <Filter>Toggle</Filter>
    </ClCompile>
    <ClCompile Include="ToggleCtrl\TogglePanel.cpp">
      <Filter>Toggle</Filter>
    </ClCompile>
  </ItemGroup>
  <ItemGroup>
    <ResourceCompile Include="MKTest.rc">
      <Filter>리소스 파일</Filter>
    </ResourceCompile>
  </ItemGroup>
  <ItemGroup>
    <None Include="res\MKTest.rc2">
      <Filter>리소스 파일</Filter>
    </None>
  </ItemGroup>
  <ItemGroup>
    <Image Include="res\MKTest.ico">
      <Filter>리소스 파일</Filter>
    </Image>
    <Image Include="res\MoveUp_Normal.ico">
      <Filter>리소스 파일</Filter>
    </Image>
    <Image Include="res\MoveUp_Click.ico">
      <Filter>리소스 파일</Filter>
    </Image>
    <Image Include="res\MoveDown_Normal.ico">
      <Filter>리소스 파일</Filter>
    </Image>
    <Image Include="res\MoveDown_Click.ico">
      <Filter>리소스 파일</Filter>
    </Image>
    <Image Include="res\MoveDown_Disable.ico">
      <Filter>리소스 파일</Filter>
    </Image>
    <Image Include="res\MoveUp_Disable.ico">
      <Filter>리소스 파일</Filter>
    </Image>
  </ItemGroup>
</Project>